{
  "version": 4,
  "terraform_version": "1.12.2",
  "serial": 35,
  "lineage": "ef55670b-a90f-4ebb-09c4-2355d23f1902",
  "outputs": {
    "postgres_container_name": {
      "value": "joyst-postgres-local",
      "type": "string"
    }
  },
  "resources": [
    {
      "module": "module.network",
      "mode": "managed",
      "type": "docker_network",
      "name": "joyst_net",
      "provider": "provider[\"registry.terraform.io/kreuzwerker/docker\"]",
      "instances": [
        {
          "schema_version": 1,
          "attributes": {
            "attachable": false,
            "check_duplicate": null,
            "driver": "bridge",
            "id": "d19a0614983a169f0641b5b1c1ee0b86d7cc9ee11c609b53322d1c5801c1f7fe",
            "ingress": false,
            "internal": false,
            "ipam_config": [
              {
                "aux_address": {},
                "gateway": "172.18.0.1",
                "ip_range": "",
                "subnet": "172.18.0.0/16"
              }
            ],
            "ipam_driver": "default",
            "ipam_options": {},
            "ipv6": false,
            "labels": [],
            "name": "joyst-local-net",
            "options": {},
            "scope": "local"
          },
          "sensitive_attributes": [],
          "identity_schema_version": 0,
          "private": "eyJzY2hlbWFfdmVyc2lvbiI6IjEifQ=="
        }
      ]
    },
    {
      "module": "module.postgres",
      "mode": "managed",
      "type": "docker_container",
      "name": "postgres",
      "provider": "provider[\"registry.terraform.io/kreuzwerker/docker\"]",
      "instances": [
        {
          "schema_version": 2,
          "attributes": {
            "attach": false,
            "bridge": "",
            "capabilities": [],
            "cgroup_parent": null,
            "cgroupns_mode": null,
            "command": [
              "postgres"
            ],
            "container_logs": null,
            "container_read_refresh_timeout_milliseconds": 15000,
            "cpu_period": null,
            "cpu_quota": null,
            "cpu_set": "",
            "cpu_shares": 0,
            "cpus": null,
            "destroy_grace_seconds": null,
            "devices": [],
            "dns": [],
            "dns_opts": [],
            "dns_search": [],
            "domainname": "",
            "entrypoint": [
              "docker-entrypoint.sh"
            ],
            "env": [
              "POSTGRES_DB=joyst_dw",
              "POSTGRES_PASSWORD=admin",
              "POSTGRES_USER=admin"
            ],
            "exit_code": null,
            "gpus": null,
            "group_add": [],
            "healthcheck": [],
            "host": [],
            "hostname": "b9cc3f06911f",
            "id": "b9cc3f06911f61f33ad0fc42a21a89293302d192e29b08489063529803430c94",
            "image": "postgres:15",
            "init": false,
            "ipc_mode": "private",
            "labels": [],
            "log_driver": "json-file",
            "log_opts": {},
            "logs": false,
            "max_retry_count": 0,
            "memory": 0,
            "memory_swap": 0,
            "mounts": [],
            "must_run": true,
            "name": "joyst-postgres-local",
            "network_data": [
              {
                "gateway": "172.18.0.1",
                "global_ipv6_address": "",
                "global_ipv6_prefix_length": 0,
                "ip_address": "172.18.0.4",
                "ip_prefix_length": 16,
                "ipv6_gateway": "",
                "mac_address": "2a:e7:c1:ee:62:68",
                "network_name": "joyst-local-net"
              }
            ],
            "network_mode": "bridge",
            "networks_advanced": [
              {
                "aliases": [],
                "ipv4_address": "",
                "ipv6_address": "",
                "name": "joyst-local-net"
              }
            ],
            "pid_mode": "",
            "ports": [
              {
                "external": 5432,
                "internal": 5432,
                "ip": "0.0.0.0",
                "protocol": "tcp"
              }
            ],
            "privileged": false,
            "publish_all_ports": false,
            "read_only": false,
            "remove_volumes": true,
            "restart": "no",
            "rm": false,
            "runtime": "runc",
            "security_opts": [],
            "shm_size": 64,
            "start": true,
            "stdin_open": false,
            "stop_signal": "SIGINT",
            "stop_timeout": 0,
            "storage_opts": {},
            "sysctls": {},
            "tmpfs": {},
            "tty": false,
            "ulimit": [],
            "upload": [],
            "user": "",
            "userns_mode": "",
            "volumes": [],
            "wait": false,
            "wait_timeout": 60,
            "working_dir": ""
          },
          "sensitive_attributes": [],
          "identity_schema_version": 0,
          "private": "eyJzY2hlbWFfdmVyc2lvbiI6IjIifQ==",
          "dependencies": [
            "module.network.docker_network.joyst_net",
            "module.postgres.docker_image.postgres"
          ]
        }
      ]
    },
    {
      "module": "module.postgres",
      "mode": "managed",
      "type": "docker_image",
      "name": "postgres",
      "provider": "provider[\"registry.terraform.io/kreuzwerker/docker\"]",
      "instances": [
        {
          "schema_version": 0,
          "attributes": {
            "build": [],
            "force_remove": null,
            "id": "sha256:68f788e38c163918a165c335298a4cd4b49c9c5b04cc6fac113972828ea08272postgres:15",
            "image_id": "sha256:68f788e38c163918a165c335298a4cd4b49c9c5b04cc6fac113972828ea08272",
            "keep_locally": null,
            "name": "postgres:15",
            "platform": null,
            "pull_triggers": null,
            "repo_digest": "postgres@sha256:3156e13d976072c9083fe4c56455b8515dcf6fee23fd770e6ba4a3c6b8837337",
            "timeouts": null,
            "triggers": null
          },
          "sensitive_attributes": [],
          "identity_schema_version": 0,
          "private": "eyJlMmJmYjczMC1lY2FhLTExZTYtOGY4OC0zNDM2M2JjN2M0YzAiOnsiY3JlYXRlIjoxMjAwMDAwMDAwMDAwLCJkZWxldGUiOjEyMDAwMDAwMDAwMDAsInVwZGF0ZSI6MTIwMDAwMDAwMDAwMH19"
        }
      ]
    },
    {
      "module": "module.prefect",
      "mode": "managed",
      "type": "docker_container",
      "name": "prefect_server",
      "provider": "provider[\"registry.terraform.io/kreuzwerker/docker\"]",
      "instances": [
        {
          "schema_version": 2,
          "attributes": {
            "attach": false,
            "bridge": "",
            "capabilities": [],
            "cgroup_parent": null,
            "cgroupns_mode": null,
            "command": [
              "prefect",
              "server",
              "start",
              "--host",
              "0.0.0.0"
            ],
            "container_logs": null,
            "container_read_refresh_timeout_milliseconds": 15000,
            "cpu_period": null,
            "cpu_quota": null,
            "cpu_set": "",
            "cpu_shares": 0,
            "cpus": null,
            "destroy_grace_seconds": null,
            "devices": [],
            "dns": [],
            "dns_opts": [],
            "dns_search": [],
            "domainname": "",
            "entrypoint": [
              "/usr/bin/tini",
              "-g",
              "--",
              "/opt/prefect/entrypoint.sh"
            ],
            "env": [],
            "exit_code": null,
            "gpus": null,
            "group_add": [],
            "healthcheck": [],
            "host": [],
            "hostname": "6aecc1516325",
            "id": "6aecc15163259dc377f882f780fae372107036769084e6add21309e45fe4df30",
            "image": "prefecthq/prefect:3-latest",
            "init": false,
            "ipc_mode": "private",
            "labels": [],
            "log_driver": "json-file",
            "log_opts": {},
            "logs": false,
            "max_retry_count": 0,
            "memory": 0,
            "memory_swap": 0,
            "mounts": [],
            "must_run": true,
            "name": "joyst-prefect-local",
            "network_data": [
              {
                "gateway": "172.18.0.1",
                "global_ipv6_address": "",
                "global_ipv6_prefix_length": 0,
                "ip_address": "172.18.0.2",
                "ip_prefix_length": 16,
                "ipv6_gateway": "",
                "mac_address": "86:6a:90:84:37:85",
                "network_name": "joyst-local-net"
              }
            ],
            "network_mode": "bridge",
            "networks_advanced": [
              {
                "aliases": [],
                "ipv4_address": "",
                "ipv6_address": "",
                "name": "joyst-local-net"
              }
            ],
            "pid_mode": "",
            "ports": [
              {
                "external": 4200,
                "internal": 4200,
                "ip": "0.0.0.0",
                "protocol": "tcp"
              }
            ],
            "privileged": false,
            "publish_all_ports": false,
            "read_only": false,
            "remove_volumes": true,
            "restart": "unless-stopped",
            "rm": false,
            "runtime": "runc",
            "security_opts": [],
            "shm_size": 64,
            "start": true,
            "stdin_open": false,
            "stop_signal": "",
            "stop_timeout": 0,
            "storage_opts": {},
            "sysctls": {},
            "tmpfs": {},
            "tty": false,
            "ulimit": [],
            "upload": [],
            "user": "",
            "userns_mode": "",
            "volumes": [],
            "wait": false,
            "wait_timeout": 60,
            "working_dir": "/opt/prefect"
          },
          "sensitive_attributes": [],
          "identity_schema_version": 0,
          "private": "eyJzY2hlbWFfdmVyc2lvbiI6IjIifQ==",
          "dependencies": [
            "module.network.docker_network.joyst_net",
            "module.prefect.docker_image.prefect"
          ]
        }
      ]
    },
    {
      "module": "module.prefect",
      "mode": "managed",
      "type": "docker_image",
      "name": "prefect",
      "provider": "provider[\"registry.terraform.io/kreuzwerker/docker\"]",
      "instances": [
        {
          "schema_version": 0,
          "attributes": {
            "build": [],
            "force_remove": null,
            "id": "sha256:16d4021cc7a57ed95936ba7c340342d7bd048e93ff362365346061f1da677e01prefecthq/prefect:3-latest",
            "image_id": "sha256:16d4021cc7a57ed95936ba7c340342d7bd048e93ff362365346061f1da677e01",
            "keep_locally": null,
            "name": "prefecthq/prefect:3-latest",
            "platform": null,
            "pull_triggers": null,
            "repo_digest": "prefecthq/prefect@sha256:8cf57985cc3a562a2ddeb513b1f70d57ae2fde347f2bb285a47a87713bbb2138",
            "timeouts": null,
            "triggers": null
          },
          "sensitive_attributes": [],
          "identity_schema_version": 0,
          "private": "eyJlMmJmYjczMC1lY2FhLTExZTYtOGY4OC0zNDM2M2JjN2M0YzAiOnsiY3JlYXRlIjoxMjAwMDAwMDAwMDAwLCJkZWxldGUiOjEyMDAwMDAwMDAwMDAsInVwZGF0ZSI6MTIwMDAwMDAwMDAwMH19"
        }
      ]
    },
    {
      "module": "module.spark",
      "mode": "managed",
      "type": "docker_container",
      "name": "spark_master",
      "provider": "provider[\"registry.terraform.io/kreuzwerker/docker\"]",
      "instances": [
        {
          "schema_version": 2,
          "attributes": {
            "attach": false,
            "bridge": "",
            "capabilities": [],
            "cgroup_parent": null,
            "cgroupns_mode": null,
            "command": [
              "/opt/spark/bin/spark-class",
              "org.apache.spark.deploy.master.Master"
            ],
            "container_logs": null,
            "container_read_refresh_timeout_milliseconds": 15000,
            "cpu_period": null,
            "cpu_quota": null,
            "cpu_set": "",
            "cpu_shares": 0,
            "cpus": null,
            "destroy_grace_seconds": null,
            "devices": [],
            "dns": [],
            "dns_opts": [],
            "dns_search": [],
            "domainname": "",
            "entrypoint": [
              "/opt/entrypoint.sh"
            ],
            "env": [],
            "exit_code": null,
            "gpus": null,
            "group_add": [],
            "healthcheck": [],
            "host": [],
            "hostname": "32e4190f4702",
            "id": "32e4190f470226881dd6e5bf3e02dbdd7b3d76aea8fd0e9475718da4f2df60d9",
            "image": "ghcr.io/nicosouv/joyst-spark:latest",
            "init": false,
            "ipc_mode": "private",
            "labels": [],
            "log_driver": "json-file",
            "log_opts": {},
            "logs": false,
            "max_retry_count": 0,
            "memory": 0,
            "memory_swap": 0,
            "mounts": [],
            "must_run": true,
            "name": "joyst-spark-master-local",
            "network_data": [
              {
                "gateway": "172.18.0.1",
                "global_ipv6_address": "",
                "global_ipv6_prefix_length": 0,
                "ip_address": "172.18.0.3",
                "ip_prefix_length": 16,
                "ipv6_gateway": "",
                "mac_address": "9a:00:eb:74:03:1e",
                "network_name": "joyst-local-net"
              }
            ],
            "network_mode": "bridge",
            "networks_advanced": [
              {
                "aliases": [],
                "ipv4_address": "",
                "ipv6_address": "",
                "name": "joyst-local-net"
              }
            ],
            "pid_mode": "",
            "ports": [
              {
                "external": 7077,
                "internal": 7077,
                "ip": "0.0.0.0",
                "protocol": "tcp"
              },
              {
                "external": 8080,
                "internal": 8080,
                "ip": "0.0.0.0",
                "protocol": "tcp"
              }
            ],
            "privileged": false,
            "publish_all_ports": false,
            "read_only": false,
            "remove_volumes": true,
            "restart": "unless-stopped",
            "rm": false,
            "runtime": "runc",
            "security_opts": [],
            "shm_size": 64,
            "start": true,
            "stdin_open": false,
            "stop_signal": "",
            "stop_timeout": 0,
            "storage_opts": {},
            "sysctls": {},
            "tmpfs": {},
            "tty": false,
            "ulimit": [],
            "upload": [],
            "user": "spark",
            "userns_mode": "",
            "volumes": [],
            "wait": false,
            "wait_timeout": 60,
            "working_dir": "/opt/spark/work-dir"
          },
          "sensitive_attributes": [],
          "identity_schema_version": 0,
          "private": "eyJzY2hlbWFfdmVyc2lvbiI6IjIifQ==",
          "dependencies": [
            "module.network.docker_network.joyst_net",
            "module.spark.docker_image.spark"
          ]
        }
      ]
    },
    {
      "module": "module.spark",
      "mode": "managed",
      "type": "docker_container",
      "name": "spark_worker",
      "provider": "provider[\"registry.terraform.io/kreuzwerker/docker\"]",
      "instances": [
        {
          "schema_version": 2,
          "attributes": {
            "attach": false,
            "bridge": "",
            "capabilities": [],
            "cgroup_parent": null,
            "cgroupns_mode": null,
            "command": [
              "/opt/spark/bin/spark-class",
              "org.apache.spark.deploy.worker.Worker",
              "spark://joyst-spark-master-local:7077"
            ],
            "container_logs": null,
            "container_read_refresh_timeout_milliseconds": 15000,
            "cpu_period": null,
            "cpu_quota": null,
            "cpu_set": "",
            "cpu_shares": 0,
            "cpus": null,
            "destroy_grace_seconds": null,
            "devices": [],
            "dns": [],
            "dns_opts": [],
            "dns_search": [],
            "domainname": "",
            "entrypoint": [
              "/opt/entrypoint.sh"
            ],
            "env": [
              "SPARK_WORKER_MEMORY=4g"
            ],
            "exit_code": null,
            "gpus": null,
            "group_add": [],
            "healthcheck": [],
            "host": [],
            "hostname": "f0b8c21c53f0",
            "id": "f0b8c21c53f06fd54fec5412ada36e2f506f8b1533187e2912ad5a6e07a6ca03",
            "image": "ghcr.io/nicosouv/joyst-spark:latest",
            "init": false,
            "ipc_mode": "private",
            "labels": [],
            "log_driver": "json-file",
            "log_opts": {},
            "logs": false,
            "max_retry_count": 0,
            "memory": 4294967296,
            "memory_swap": 4294967296,
            "mounts": [],
            "must_run": true,
            "name": "joyst-spark-worker-1-local",
            "network_data": [
              {
                "gateway": "172.18.0.1",
                "global_ipv6_address": "",
                "global_ipv6_prefix_length": 0,
                "ip_address": "172.18.0.5",
                "ip_prefix_length": 16,
                "ipv6_gateway": "",
                "mac_address": "f2:ee:2d:59:37:06",
                "network_name": "joyst-local-net"
              }
            ],
            "network_mode": "bridge",
            "networks_advanced": [
              {
                "aliases": [],
                "ipv4_address": "",
                "ipv6_address": "",
                "name": "joyst-local-net"
              }
            ],
            "pid_mode": "",
            "ports": [],
            "privileged": false,
            "publish_all_ports": false,
            "read_only": false,
            "remove_volumes": true,
            "restart": "unless-stopped",
            "rm": false,
            "runtime": "runc",
            "security_opts": [],
            "shm_size": 64,
            "start": true,
            "stdin_open": false,
            "stop_signal": "",
            "stop_timeout": 0,
            "storage_opts": {},
            "sysctls": {},
            "tmpfs": {},
            "tty": false,
            "ulimit": [],
            "upload": [],
            "user": "spark",
            "userns_mode": "",
            "volumes": [],
            "wait": false,
            "wait_timeout": 60,
            "working_dir": "/opt/spark/work-dir"
          },
          "sensitive_attributes": [],
          "identity_schema_version": 0,
          "private": "eyJzY2hlbWFfdmVyc2lvbiI6IjIifQ==",
          "dependencies": [
            "module.network.docker_network.joyst_net",
            "module.spark.docker_container.spark_master",
            "module.spark.docker_image.spark"
          ]
        }
      ]
    },
    {
      "module": "module.spark",
      "mode": "managed",
      "type": "docker_image",
      "name": "spark",
      "provider": "provider[\"registry.terraform.io/kreuzwerker/docker\"]",
      "instances": [
        {
          "schema_version": 0,
          "attributes": {
            "build": [],
            "force_remove": null,
            "id": "sha256:a9433af94642cb4569c326580c3a6acc38808ccb996a728fb036006396cc91a4ghcr.io/nicosouv/joyst-spark:latest",
            "image_id": "sha256:a9433af94642cb4569c326580c3a6acc38808ccb996a728fb036006396cc91a4",
            "keep_locally": null,
            "name": "ghcr.io/nicosouv/joyst-spark:latest",
            "platform": null,
            "pull_triggers": null,
            "repo_digest": "ghcr.io/nicosouv/joyst-spark@sha256:27de0267e5e0c91d32f6dc3e828f5c907de3c2cdb032d2c4ae208d488dd69e73",
            "timeouts": null,
            "triggers": null
          },
          "sensitive_attributes": [],
          "identity_schema_version": 0,
          "private": "eyJlMmJmYjczMC1lY2FhLTExZTYtOGY4OC0zNDM2M2JjN2M0YzAiOnsiY3JlYXRlIjoxMjAwMDAwMDAwMDAwLCJkZWxldGUiOjEyMDAwMDAwMDAwMDAsInVwZGF0ZSI6MTIwMDAwMDAwMDAwMH19"
        }
      ]
    }
  ],
  "check_results": null
}
